
Microsoft Visual Studio Solution File, Format Version 12.00
# Visual Studio Version 16
VisualStudioVersion = 16.0.31229.75
MinimumVisualStudioVersion = 10.0.40219.1
Project("{FAE04EC0-301F-11D3-BF4B-00C04F79EFBC}") = "OE.Silo", "OE.Silo\OE.Silo.csproj", "{571C92CC-3E25-45BF-A557-FF16DE8917BD}"
EndProject
Project("{FAE04EC0-301F-11D3-BF4B-00C04F79EFBC}") = "OE.Populator", "OE.Populator\OE.Populator.csproj", "{03F556FB-B07C-4EB8-B5CF-14F144DC39BD}"
EndProject
Global
	GlobalSection(SolutionConfigurationPlatforms) = preSolution
		Debug|Any CPU = Debug|Any CPU
		Release|Any CPU = Release|Any CPU
	EndGlobalSection
	GlobalSection(ProjectConfigurationPlatforms) = postSolution
		{571C92CC-3E25-45BF-A557-FF16DE8917BD}.Debug|Any CPU.ActiveCfg = Debug|Any CPU
		{571C92CC-3E25-45BF-A557-FF16DE8917BD}.Debug|Any CPU.Build.0 = Debug|Any CPU
		{571C92CC-3E25-45BF-A557-FF16DE8917BD}.Release|Any CPU.ActiveCfg = Release|Any CPU
		{571C92CC-3E25-45BF-A557-FF16DE8917BD}.Release|Any CPU.Build.0 = Release|Any CPU
		{03F556FB-B07C-4EB8-B5CF-14F144DC39BD}.Debug|Any CPU.ActiveCfg = Debug|Any CPU
		{03F556FB-B07C-4EB8-B5CF-14F144DC39BD}.Debug|Any CPU.Build.0 = Debug|Any CPU
		{03F556FB-B07C-4EB8-B5CF-14F144DC39BD}.Release|Any CPU.ActiveCfg = Release|Any CPU
		{03F556FB-B07C-4EB8-B5CF-14F144DC39BD}.Release|Any CPU.Build.0 = Release|Any CPU
	EndGlobalSection
	GlobalSection(SolutionProperties) = preSolution
		HideSolutionNode = FALSE
	EndGlobalSection
	GlobalSection(ExtensibilityGlobals) = postSolution
		SolutionGuid = {9B37021C-CC7A-4C00-9F83-B0486CD19E5D}
	EndGlobalSection
EndGlobal
